
Microsoft Visual Studio Solution File, Format Version 12.00
# Visual Studio Version 16
VisualStudioVersion = 16.0.31624.102
MinimumVisualStudioVersion = 10.0.40219.1
Project("{9A19103F-16F7-4668-BE54-9A1E7A4F7556}") = "devTalksWPF", "devTalksWPF.csproj", "{144F7875-EEF2-4951-9B40-B76E142EB036}"
EndProject
Global
	GlobalSection(SolutionConfigurationPlatforms) = preSolution
		Debug|Any CPU = Debug|Any CPU
		Release|Any CPU = Release|Any CPU
	EndGlobalSection
	GlobalSection(ProjectConfigurationPlatforms) = postSolution
		{144F7875-EEF2-4951-9B40-B76E142EB036}.Debug|Any CPU.ActiveCfg = Debug|Any CPU
		{144F7875-EEF2-4951-9B40-B76E142EB036}.Debug|Any CPU.Build.0 = Debug|Any CPU
		{144F7875-EEF2-4951-9B40-B76E142EB036}.Release|Any CPU.ActiveCfg = Release|Any CPU
		{144F7875-EEF2-4951-9B40-B76E142EB036}.Release|Any CPU.Build.0 = Release|Any CPU
	EndGlobalSection
	GlobalSection(SolutionProperties) = preSolution
		HideSolutionNode = FALSE
	EndGlobalSection
	GlobalSection(ExtensibilityGlobals) = postSolution
		SolutionGuid = {C30721BA-1326-48B9-B83D-2A591C206A82}
	EndGlobalSection
EndGlobal
